
Microsoft Visual Studio Solution File, Format Version 12.00
# Visual Studio Express 14 for Windows Desktop
VisualStudioVersion = 14.0.24720.0
MinimumVisualStudioVersion = 10.0.40219.1
Project("{FAE04EC0-301F-11D3-BF4B-00C04F79EFBC}") = "Jenkins Test App", "Jenkins Test App\Jenkins Test App.csproj", "{22887EAF-5704-4F8F-86AC-4C7E17099C10}"
EndProject
Project("{FAE04EC0-301F-11D3-BF4B-00C04F79EFBC}") = "Jenkins Test App.Tests", "Jenkins Test App.Tests\Jenkins Test App.Tests.csproj", "{02A74CBF-DF3D-46B9-B2FA-14AFCF136DBD}"
EndProject
Project("{FAE04EC0-301F-11D3-BF4B-00C04F79EFBC}") = "Jenkins Test AppNUnitTest", "Jenkins Test AppNUnitTest\Jenkins Test AppNUnitTest.csproj", "{8E2B5828-6A57-449B-8249-8D071F7CC578}"
EndProject
Global
	GlobalSection(SolutionConfigurationPlatforms) = preSolution
		Debug|Any CPU = Debug|Any CPU
		Release|Any CPU = Release|Any CPU
	EndGlobalSection
	GlobalSection(ProjectConfigurationPlatforms) = postSolution
		{22887EAF-5704-4F8F-86AC-4C7E17099C10}.Debug|Any CPU.ActiveCfg = Debug|Any CPU
		{22887EAF-5704-4F8F-86AC-4C7E17099C10}.Debug|Any CPU.Build.0 = Debug|Any CPU
		{22887EAF-5704-4F8F-86AC-4C7E17099C10}.Release|Any CPU.ActiveCfg = Release|Any CPU
		{22887EAF-5704-4F8F-86AC-4C7E17099C10}.Release|Any CPU.Build.0 = Release|Any CPU
		{02A74CBF-DF3D-46B9-B2FA-14AFCF136DBD}.Debug|Any CPU.ActiveCfg = Debug|Any CPU
		{02A74CBF-DF3D-46B9-B2FA-14AFCF136DBD}.Debug|Any CPU.Build.0 = Debug|Any CPU
		{02A74CBF-DF3D-46B9-B2FA-14AFCF136DBD}.Release|Any CPU.ActiveCfg = Release|Any CPU
		{02A74CBF-DF3D-46B9-B2FA-14AFCF136DBD}.Release|Any CPU.Build.0 = Release|Any CPU
		{8E2B5828-6A57-449B-8249-8D071F7CC578}.Debug|Any CPU.ActiveCfg = Debug|Any CPU
		{8E2B5828-6A57-449B-8249-8D071F7CC578}.Debug|Any CPU.Build.0 = Debug|Any CPU
		{8E2B5828-6A57-449B-8249-8D071F7CC578}.Release|Any CPU.ActiveCfg = Release|Any CPU
		{8E2B5828-6A57-449B-8249-8D071F7CC578}.Release|Any CPU.Build.0 = Release|Any CPU
	EndGlobalSection
	GlobalSection(SolutionProperties) = preSolution
		HideSolutionNode = FALSE
	EndGlobalSection
EndGlobal
